// !$*UTF8*$!
{
	archiveVersion = 1;
	classes = {
	};
	objectVersion = 50;
	objects = {

/* Begin PBXBuildFile section */
		72209A8624514AA600293E96 /* Scene.swift in Sources */ = {isa = PBXBuildFile; fileRef = 72209A8524514AA600293E96 /* Scene.swift */; };
		72209A8724514AA600293E96 /* Scene.swift in Sources */ = {isa = PBXBuildFile; fileRef = 72209A8524514AA600293E96 /* Scene.swift */; };
		72209A8824514AA600293E96 /* Scene.swift in Sources */ = {isa = PBXBuildFile; fileRef = 72209A8524514AA600293E96 /* Scene.swift */; };
		72446EE1244AB88B0055CABA /* Renderer.swift in Sources */ = {isa = PBXBuildFile; fileRef = 72446EE0244AB88B0055CABA /* Renderer.swift */; };
		72496C4A2468F72C0056D8D3 /* RenderPipeline.swift in Sources */ = {isa = PBXBuildFile; fileRef = 72496C492468F72C0056D8D3 /* RenderPipeline.swift */; };
		72496C4B2468F72C0056D8D3 /* RenderPipeline.swift in Sources */ = {isa = PBXBuildFile; fileRef = 72496C492468F72C0056D8D3 /* RenderPipeline.swift */; };
		72496C4C2468F72C0056D8D3 /* RenderPipeline.swift in Sources */ = {isa = PBXBuildFile; fileRef = 72496C492468F72C0056D8D3 /* RenderPipeline.swift */; };
		724A69A3246957C7009F9378 /* Buffer.swift in Sources */ = {isa = PBXBuildFile; fileRef = 724A69A2246957C7009F9378 /* Buffer.swift */; };
		724A69A4246957C7009F9378 /* Buffer.swift in Sources */ = {isa = PBXBuildFile; fileRef = 724A69A2246957C7009F9378 /* Buffer.swift */; };
		724A69A5246957C7009F9378 /* Buffer.swift in Sources */ = {isa = PBXBuildFile; fileRef = 724A69A2246957C7009F9378 /* Buffer.swift */; };
		724A69A9246D5092009F9378 /* DebugPipeline.swift in Sources */ = {isa = PBXBuildFile; fileRef = 724A69A8246D5092009F9378 /* DebugPipeline.swift */; };
		724A69AA246D5092009F9378 /* DebugPipeline.swift in Sources */ = {isa = PBXBuildFile; fileRef = 724A69A8246D5092009F9378 /* DebugPipeline.swift */; };
		724A69AB246D5092009F9378 /* DebugPipeline.swift in Sources */ = {isa = PBXBuildFile; fileRef = 724A69A8246D5092009F9378 /* DebugPipeline.swift */; };
		724A69AD246E153F009F9378 /* Error.swift in Sources */ = {isa = PBXBuildFile; fileRef = 724A69AC246E153F009F9378 /* Error.swift */; };
		724A69AE246E153F009F9378 /* Error.swift in Sources */ = {isa = PBXBuildFile; fileRef = 724A69AC246E153F009F9378 /* Error.swift */; };
		724A69AF246E153F009F9378 /* Error.swift in Sources */ = {isa = PBXBuildFile; fileRef = 724A69AC246E153F009F9378 /* Error.swift */; };
		724D5B69248C90A000BEB4D2 /* Shape.swift in Sources */ = {isa = PBXBuildFile; fileRef = 724D5B68248C90A000BEB4D2 /* Shape.swift */; };
		724D5B6A248C90A000BEB4D2 /* Shape.swift in Sources */ = {isa = PBXBuildFile; fileRef = 724D5B68248C90A000BEB4D2 /* Shape.swift */; };
		724D5B6B248C90A000BEB4D2 /* Shape.swift in Sources */ = {isa = PBXBuildFile; fileRef = 724D5B68248C90A000BEB4D2 /* Shape.swift */; };
		7264AC112579053400895342 /* Quad.swift in Sources */ = {isa = PBXBuildFile; fileRef = 7264AC102579053400895342 /* Quad.swift */; };
		7264AC122579053400895342 /* Quad.swift in Sources */ = {isa = PBXBuildFile; fileRef = 7264AC102579053400895342 /* Quad.swift */; };
		7264AC132579053400895342 /* Quad.swift in Sources */ = {isa = PBXBuildFile; fileRef = 7264AC102579053400895342 /* Quad.swift */; };
		7264AC1B2579E2CF00895342 /* Cube.swift in Sources */ = {isa = PBXBuildFile; fileRef = 7264AC1A2579E2CF00895342 /* Cube.swift */; };
		7264AC1C2579E2CF00895342 /* Cube.swift in Sources */ = {isa = PBXBuildFile; fileRef = 7264AC1A2579E2CF00895342 /* Cube.swift */; };
		7264AC1D2579E2CF00895342 /* Cube.swift in Sources */ = {isa = PBXBuildFile; fileRef = 7264AC1A2579E2CF00895342 /* Cube.swift */; };
		726E747F246E9B1200206CD5 /* RasterPipelines.metal in Sources */ = {isa = PBXBuildFile; fileRef = 726E747E246E9B1200206CD5 /* RasterPipelines.metal */; };
		726E7480246E9B1200206CD5 /* RasterPipelines.metal in Sources */ = {isa = PBXBuildFile; fileRef = 726E747E246E9B1200206CD5 /* RasterPipelines.metal */; };
		726E7481246E9B1200206CD5 /* RasterPipelines.metal in Sources */ = {isa = PBXBuildFile; fileRef = 726E747E246E9B1200206CD5 /* RasterPipelines.metal */; };
		72C9A5C424343FDC00BF30F7 /* AppDelegate.swift in Sources */ = {isa = PBXBuildFile; fileRef = 72C9A5C324343FDC00BF30F7 /* AppDelegate.swift */; };
		72C9A5C624343FDC00BF30F7 /* GameViewController.swift in Sources */ = {isa = PBXBuildFile; fileRef = 72C9A5C524343FDC00BF30F7 /* GameViewController.swift */; };
		72C9A5C924343FDC00BF30F7 /* Main.storyboard in Resources */ = {isa = PBXBuildFile; fileRef = 72C9A5C724343FDC00BF30F7 /* Main.storyboard */; };
		72C9A5CC24343FDC00BF30F7 /* LaunchScreen.storyboard in Resources */ = {isa = PBXBuildFile; fileRef = 72C9A5CA24343FDC00BF30F7 /* LaunchScreen.storyboard */; };
		72C9A5D524343FDC00BF30F7 /* AppDelegate.swift in Sources */ = {isa = PBXBuildFile; fileRef = 72C9A5D424343FDC00BF30F7 /* AppDelegate.swift */; };
		72C9A5D724343FDC00BF30F7 /* GameViewController.swift in Sources */ = {isa = PBXBuildFile; fileRef = 72C9A5D624343FDC00BF30F7 /* GameViewController.swift */; };
		72C9A5DA24343FDC00BF30F7 /* Main.storyboard in Resources */ = {isa = PBXBuildFile; fileRef = 72C9A5D824343FDC00BF30F7 /* Main.storyboard */; };
		72C9A5DD24343FDC00BF30F7 /* LaunchScreen.storyboard in Resources */ = {isa = PBXBuildFile; fileRef = 72C9A5DB24343FDC00BF30F7 /* LaunchScreen.storyboard */; };
		72C9A5E624343FDC00BF30F7 /* AppDelegate.swift in Sources */ = {isa = PBXBuildFile; fileRef = 72C9A5E524343FDC00BF30F7 /* AppDelegate.swift */; };
		72C9A5E824343FDC00BF30F7 /* GameViewController.swift in Sources */ = {isa = PBXBuildFile; fileRef = 72C9A5E724343FDC00BF30F7 /* GameViewController.swift */; };
		72C9A5EB24343FDC00BF30F7 /* Main.storyboard in Resources */ = {isa = PBXBuildFile; fileRef = 72C9A5E924343FDC00BF30F7 /* Main.storyboard */; };
		72C9A5F624343FDC00BF30F7 /* Assets.xcassets in Resources */ = {isa = PBXBuildFile; fileRef = 72C9A5BB24343FDB00BF30F7 /* Assets.xcassets */; };
		72C9A5F724343FDC00BF30F7 /* Assets.xcassets in Resources */ = {isa = PBXBuildFile; fileRef = 72C9A5BB24343FDB00BF30F7 /* Assets.xcassets */; };
		72C9A5F824343FDC00BF30F7 /* Assets.xcassets in Resources */ = {isa = PBXBuildFile; fileRef = 72C9A5BB24343FDB00BF30F7 /* Assets.xcassets */; };
		72DED964246FC6250071657B /* Camera.swift in Sources */ = {isa = PBXBuildFile; fileRef = 72DED963246FC6250071657B /* Camera.swift */; };
		72DED965246FC6250071657B /* Camera.swift in Sources */ = {isa = PBXBuildFile; fileRef = 72DED963246FC6250071657B /* Camera.swift */; };
		72DED966246FC6250071657B /* Camera.swift in Sources */ = {isa = PBXBuildFile; fileRef = 72DED963246FC6250071657B /* Camera.swift */; };
		72DED96B247111BC0071657B /* Renderer.swift in Sources */ = {isa = PBXBuildFile; fileRef = 72446EE0244AB88B0055CABA /* Renderer.swift */; };
		72DED9722471356A0071657B /* Algebra.metal in Sources */ = {isa = PBXBuildFile; fileRef = 72DED9712471356A0071657B /* Algebra.metal */; };
		72DED9732471356A0071657B /* Algebra.metal in Sources */ = {isa = PBXBuildFile; fileRef = 72DED9712471356A0071657B /* Algebra.metal */; };
		72DED9742471356A0071657B /* Algebra.metal in Sources */ = {isa = PBXBuildFile; fileRef = 72DED9712471356A0071657B /* Algebra.metal */; };
		72DED976247294D90071657B /* VertexFunctions.metal in Sources */ = {isa = PBXBuildFile; fileRef = 72DED975247294D90071657B /* VertexFunctions.metal */; };
		72DED977247294D90071657B /* VertexFunctions.metal in Sources */ = {isa = PBXBuildFile; fileRef = 72DED975247294D90071657B /* VertexFunctions.metal */; };
		72DED978247294D90071657B /* VertexFunctions.metal in Sources */ = {isa = PBXBuildFile; fileRef = 72DED975247294D90071657B /* VertexFunctions.metal */; };
/* End PBXBuildFile section */

/* Begin PBXFileReference section */
		72209A8524514AA600293E96 /* Scene.swift */ = {isa = PBXFileReference; lastKnownFileType = sourcecode.swift; path = Scene.swift; sourceTree = "<group>"; };
		72446EE0244AB88B0055CABA /* Renderer.swift */ = {isa = PBXFileReference; lastKnownFileType = sourcecode.swift; path = Renderer.swift; sourceTree = "<group>"; };
		72496C492468F72C0056D8D3 /* RenderPipeline.swift */ = {isa = PBXFileReference; lastKnownFileType = sourcecode.swift; path = RenderPipeline.swift; sourceTree = "<group>"; };
		724A69A2246957C7009F9378 /* Buffer.swift */ = {isa = PBXFileReference; lastKnownFileType = sourcecode.swift; path = Buffer.swift; sourceTree = "<group>"; };
		724A69A8246D5092009F9378 /* DebugPipeline.swift */ = {isa = PBXFileReference; lastKnownFileType = sourcecode.swift; path = DebugPipeline.swift; sourceTree = "<group>"; };
		724A69AC246E153F009F9378 /* Error.swift */ = {isa = PBXFileReference; lastKnownFileType = sourcecode.swift; path = Error.swift; sourceTree = "<group>"; };
		724D5B68248C90A000BEB4D2 /* Shape.swift */ = {isa = PBXFileReference; lastKnownFileType = sourcecode.swift; path = Shape.swift; sourceTree = "<group>"; };
		7264AC102579053400895342 /* Quad.swift */ = {isa = PBXFileReference; lastKnownFileType = sourcecode.swift; path = Quad.swift; sourceTree = "<group>"; };
		7264AC1A2579E2CF00895342 /* Cube.swift */ = {isa = PBXFileReference; lastKnownFileType = sourcecode.swift; path = Cube.swift; sourceTree = "<group>"; };
		726E747E246E9B1200206CD5 /* RasterPipelines.metal */ = {isa = PBXFileReference; lastKnownFileType = sourcecode.metal; path = RasterPipelines.metal; sourceTree = "<group>"; };
		72C9A5BB24343FDB00BF30F7 /* Assets.xcassets */ = {isa = PBXFileReference; lastKnownFileType = folder.assetcatalog; path = Assets.xcassets; sourceTree = "<group>"; };
		72C9A5C024343FDC00BF30F7 /* Renderer.app */ = {isa = PBXFileReference; explicitFileType = wrapper.application; includeInIndex = 0; path = Renderer.app; sourceTree = BUILT_PRODUCTS_DIR; };
		72C9A5C324343FDC00BF30F7 /* AppDelegate.swift */ = {isa = PBXFileReference; lastKnownFileType = sourcecode.swift; path = AppDelegate.swift; sourceTree = "<group>"; };
		72C9A5C524343FDC00BF30F7 /* GameViewController.swift */ = {isa = PBXFileReference; lastKnownFileType = sourcecode.swift; path = GameViewController.swift; sourceTree = "<group>"; };
		72C9A5C824343FDC00BF30F7 /* Base */ = {isa = PBXFileReference; lastKnownFileType = file.storyboard; name = Base; path = Base.lproj/Main.storyboard; sourceTree = "<group>"; };
		72C9A5CB24343FDC00BF30F7 /* Base */ = {isa = PBXFileReference; lastKnownFileType = file.storyboard; name = Base; path = Base.lproj/LaunchScreen.storyboard; sourceTree = "<group>"; };
		72C9A5CD24343FDC00BF30F7 /* Info.plist */ = {isa = PBXFileReference; lastKnownFileType = text.plist.xml; path = Info.plist; sourceTree = "<group>"; };
		72C9A5D224343FDC00BF30F7 /* Renderer.app */ = {isa = PBXFileReference; explicitFileType = wrapper.application; includeInIndex = 0; path = Renderer.app; sourceTree = BUILT_PRODUCTS_DIR; };
		72C9A5D424343FDC00BF30F7 /* AppDelegate.swift */ = {isa = PBXFileReference; lastKnownFileType = sourcecode.swift; path = AppDelegate.swift; sourceTree = "<group>"; };
		72C9A5D624343FDC00BF30F7 /* GameViewController.swift */ = {isa = PBXFileReference; lastKnownFileType = sourcecode.swift; path = GameViewController.swift; sourceTree = "<group>"; };
		72C9A5D924343FDC00BF30F7 /* Base */ = {isa = PBXFileReference; lastKnownFileType = file.storyboard; name = Base; path = Base.lproj/Main.storyboard; sourceTree = "<group>"; };
		72C9A5DC24343FDC00BF30F7 /* Base */ = {isa = PBXFileReference; lastKnownFileType = file.storyboard; name = Base; path = Base.lproj/LaunchScreen.storyboard; sourceTree = "<group>"; };
		72C9A5DE24343FDC00BF30F7 /* Info.plist */ = {isa = PBXFileReference; lastKnownFileType = text.plist.xml; path = Info.plist; sourceTree = "<group>"; };
		72C9A5E324343FDC00BF30F7 /* Renderer.app */ = {isa = PBXFileReference; explicitFileType = wrapper.application; includeInIndex = 0; path = Renderer.app; sourceTree = BUILT_PRODUCTS_DIR; };
		72C9A5E524343FDC00BF30F7 /* AppDelegate.swift */ = {isa = PBXFileReference; lastKnownFileType = sourcecode.swift; path = AppDelegate.swift; sourceTree = "<group>"; };
		72C9A5E724343FDC00BF30F7 /* GameViewController.swift */ = {isa = PBXFileReference; lastKnownFileType = sourcecode.swift; path = GameViewController.swift; sourceTree = "<group>"; };
		72C9A5EA24343FDC00BF30F7 /* Base */ = {isa = PBXFileReference; lastKnownFileType = file.storyboard; name = Base; path = Base.lproj/Main.storyboard; sourceTree = "<group>"; };
		72C9A5EC24343FDC00BF30F7 /* Info.plist */ = {isa = PBXFileReference; lastKnownFileType = text.plist.xml; path = Info.plist; sourceTree = "<group>"; };
		72DED962246FC13E0071657B /* Shared.h */ = {isa = PBXFileReference; lastKnownFileType = sourcecode.c.h; path = Shared.h; sourceTree = "<group>"; };
		72DED963246FC6250071657B /* Camera.swift */ = {isa = PBXFileReference; lastKnownFileType = sourcecode.swift; path = Camera.swift; sourceTree = "<group>"; };
		72DED970247131A60071657B /* Algebra.h */ = {isa = PBXFileReference; lastKnownFileType = sourcecode.c.h; path = Algebra.h; sourceTree = "<group>"; };
		72DED9712471356A0071657B /* Algebra.metal */ = {isa = PBXFileReference; lastKnownFileType = sourcecode.metal; path = Algebra.metal; sourceTree = "<group>"; };
		72DED975247294D90071657B /* VertexFunctions.metal */ = {isa = PBXFileReference; lastKnownFileType = sourcecode.metal; path = VertexFunctions.metal; sourceTree = "<group>"; };
/* End PBXFileReference section */

/* Begin PBXFrameworksBuildPhase section */
		72C9A5BD24343FDC00BF30F7 /* Frameworks */ = {
			isa = PBXFrameworksBuildPhase;
			buildActionMask = 2147483647;
			files = (
			);
			runOnlyForDeploymentPostprocessing = 0;
		};
		72C9A5CF24343FDC00BF30F7 /* Frameworks */ = {
			isa = PBXFrameworksBuildPhase;
			buildActionMask = 2147483647;
			files = (
			);
			runOnlyForDeploymentPostprocessing = 0;
		};
		72C9A5E024343FDC00BF30F7 /* Frameworks */ = {
			isa = PBXFrameworksBuildPhase;
			buildActionMask = 2147483647;
			files = (
			);
			runOnlyForDeploymentPostprocessing = 0;
		};
/* End PBXFrameworksBuildPhase section */

/* Begin PBXGroup section */
		72209A822451453200293E96 /* src */ = {
			isa = PBXGroup;
			children = (
				724A69A6246D3503009F9378 /* shaders */,
				724A69A124695792009F9378 /* shapes */,
				72496C482468F6DB0056D8D3 /* pipelines */,
				72DED963246FC6250071657B /* Camera.swift */,
				724A69A2246957C7009F9378 /* Buffer.swift */,
				72209A8524514AA600293E96 /* Scene.swift */,
				72446EE0244AB88B0055CABA /* Renderer.swift */,
				724A69AC246E153F009F9378 /* Error.swift */,
			);
			path = src;
			sourceTree = "<group>";
		};
		72496C482468F6DB0056D8D3 /* pipelines */ = {
			isa = PBXGroup;
			children = (
				72496C492468F72C0056D8D3 /* RenderPipeline.swift */,
				724A69A8246D5092009F9378 /* DebugPipeline.swift */,
			);
			path = pipelines;
			sourceTree = "<group>";
		};
		724A69A124695792009F9378 /* shapes */ = {
			isa = PBXGroup;
			children = (
				724D5B68248C90A000BEB4D2 /* Shape.swift */,
				7264AC102579053400895342 /* Quad.swift */,
				7264AC1A2579E2CF00895342 /* Cube.swift */,
			);
			path = shapes;
			sourceTree = "<group>";
		};
		724A69A6246D3503009F9378 /* shaders */ = {
			isa = PBXGroup;
			children = (
				72DED962246FC13E0071657B /* Shared.h */,
				72DED970247131A60071657B /* Algebra.h */,
				72DED9712471356A0071657B /* Algebra.metal */,
				72DED975247294D90071657B /* VertexFunctions.metal */,
				726E747E246E9B1200206CD5 /* RasterPipelines.metal */,
			);
			path = shaders;
			sourceTree = "<group>";
		};
		72C9A5B224343FDA00BF30F7 = {
			isa = PBXGroup;
			children = (
				72C9A5BB24343FDB00BF30F7 /* Assets.xcassets */,
				72209A822451453200293E96 /* src */,
				72C9A5C224343FDC00BF30F7 /* Renderer iOS */,
				72C9A5D324343FDC00BF30F7 /* Renderer tvOS */,
				72C9A5E424343FDC00BF30F7 /* Renderer macOS */,
				72C9A5C124343FDC00BF30F7 /* Products */,
			);
			sourceTree = "<group>";
		};
		72C9A5C124343FDC00BF30F7 /* Products */ = {
			isa = PBXGroup;
			children = (
				72C9A5C024343FDC00BF30F7 /* Renderer.app */,
				72C9A5D224343FDC00BF30F7 /* Renderer.app */,
				72C9A5E324343FDC00BF30F7 /* Renderer.app */,
			);
			name = Products;
			sourceTree = "<group>";
		};
		72C9A5C224343FDC00BF30F7 /* Renderer iOS */ = {
			isa = PBXGroup;
			children = (
				72C9A5C324343FDC00BF30F7 /* AppDelegate.swift */,
				72C9A5C524343FDC00BF30F7 /* GameViewController.swift */,
				72C9A5C724343FDC00BF30F7 /* Main.storyboard */,
				72C9A5CA24343FDC00BF30F7 /* LaunchScreen.storyboard */,
				72C9A5CD24343FDC00BF30F7 /* Info.plist */,
			);
			path = "Renderer iOS";
			sourceTree = "<group>";
		};
		72C9A5D324343FDC00BF30F7 /* Renderer tvOS */ = {
			isa = PBXGroup;
			children = (
				72C9A5D424343FDC00BF30F7 /* AppDelegate.swift */,
				72C9A5D624343FDC00BF30F7 /* GameViewController.swift */,
				72C9A5D824343FDC00BF30F7 /* Main.storyboard */,
				72C9A5DB24343FDC00BF30F7 /* LaunchScreen.storyboard */,
				72C9A5DE24343FDC00BF30F7 /* Info.plist */,
			);
			path = "Renderer tvOS";
			sourceTree = "<group>";
		};
		72C9A5E424343FDC00BF30F7 /* Renderer macOS */ = {
			isa = PBXGroup;
			children = (
				72C9A5E524343FDC00BF30F7 /* AppDelegate.swift */,
				72C9A5E724343FDC00BF30F7 /* GameViewController.swift */,
				72C9A5E924343FDC00BF30F7 /* Main.storyboard */,
				72C9A5EC24343FDC00BF30F7 /* Info.plist */,
			);
			path = "Renderer macOS";
			sourceTree = "<group>";
		};
/* End PBXGroup section */

/* Begin PBXNativeTarget section */
		72C9A5BF24343FDC00BF30F7 /* Renderer iOS */ = {
			isa = PBXNativeTarget;
			buildConfigurationList = 72C9A5FB24343FDC00BF30F7 /* Build configuration list for PBXNativeTarget "Renderer iOS" */;
			buildPhases = (
				72C9A5BC24343FDC00BF30F7 /* Sources */,
				72C9A5BD24343FDC00BF30F7 /* Frameworks */,
				72C9A5BE24343FDC00BF30F7 /* Resources */,
			);
			buildRules = (
			);
			dependencies = (
			);
			name = "Renderer iOS";
			productName = "Renderer iOS";
			productReference = 72C9A5C024343FDC00BF30F7 /* Renderer.app */;
			productType = "com.apple.product-type.application";
		};
		72C9A5D124343FDC00BF30F7 /* Renderer tvOS */ = {
			isa = PBXNativeTarget;
			buildConfigurationList = 72C9A5FE24343FDC00BF30F7 /* Build configuration list for PBXNativeTarget "Renderer tvOS" */;
			buildPhases = (
				72C9A5CE24343FDC00BF30F7 /* Sources */,
				72C9A5CF24343FDC00BF30F7 /* Frameworks */,
				72C9A5D024343FDC00BF30F7 /* Resources */,
			);
			buildRules = (
			);
			dependencies = (
			);
			name = "Renderer tvOS";
			productName = "Renderer tvOS";
			productReference = 72C9A5D224343FDC00BF30F7 /* Renderer.app */;
			productType = "com.apple.product-type.application";
		};
		72C9A5E224343FDC00BF30F7 /* Renderer macOS */ = {
			isa = PBXNativeTarget;
			buildConfigurationList = 72C9A60124343FDC00BF30F7 /* Build configuration list for PBXNativeTarget "Renderer macOS" */;
			buildPhases = (
				72C9A5DF24343FDC00BF30F7 /* Sources */,
				72C9A5E024343FDC00BF30F7 /* Frameworks */,
				72C9A5E124343FDC00BF30F7 /* Resources */,
			);
			buildRules = (
			);
			dependencies = (
			);
			name = "Renderer macOS";
			productName = "Renderer macOS";
			productReference = 72C9A5E324343FDC00BF30F7 /* Renderer.app */;
			productType = "com.apple.product-type.application";
		};
/* End PBXNativeTarget section */

/* Begin PBXProject section */
		72C9A5B324343FDA00BF30F7 /* Project object */ = {
			isa = PBXProject;
			attributes = {
				LastSwiftUpdateCheck = 1140;
				LastUpgradeCheck = 1210;
				ORGANIZATIONNAME = "Arman Uguray";
				TargetAttributes = {
					72C9A5BF24343FDC00BF30F7 = {
						CreatedOnToolsVersion = 11.4;
					};
					72C9A5D124343FDC00BF30F7 = {
						CreatedOnToolsVersion = 11.4;
					};
					72C9A5E224343FDC00BF30F7 = {
						CreatedOnToolsVersion = 11.4;
					};
				};
			};
			buildConfigurationList = 72C9A5B624343FDA00BF30F7 /* Build configuration list for PBXProject "Renderer" */;
			compatibilityVersion = "Xcode 9.3";
			developmentRegion = en;
			hasScannedForEncodings = 0;
			knownRegions = (
				en,
				Base,
			);
			mainGroup = 72C9A5B224343FDA00BF30F7;
			productRefGroup = 72C9A5C124343FDC00BF30F7 /* Products */;
			projectDirPath = "";
			projectRoot = "";
			targets = (
				72C9A5BF24343FDC00BF30F7 /* Renderer iOS */,
				72C9A5D124343FDC00BF30F7 /* Renderer tvOS */,
				72C9A5E224343FDC00BF30F7 /* Renderer macOS */,
			);
		};
/* End PBXProject section */

/* Begin PBXResourcesBuildPhase section */
		72C9A5BE24343FDC00BF30F7 /* Resources */ = {
			isa = PBXResourcesBuildPhase;
			buildActionMask = 2147483647;
			files = (
				72C9A5C924343FDC00BF30F7 /* Main.storyboard in Resources */,
				72C9A5F624343FDC00BF30F7 /* Assets.xcassets in Resources */,
				72C9A5CC24343FDC00BF30F7 /* LaunchScreen.storyboard in Resources */,
			);
			runOnlyForDeploymentPostprocessing = 0;
		};
		72C9A5D024343FDC00BF30F7 /* Resources */ = {
			isa = PBXResourcesBuildPhase;
			buildActionMask = 2147483647;
			files = (
				72C9A5DA24343FDC00BF30F7 /* Main.storyboard in Resources */,
				72C9A5F724343FDC00BF30F7 /* Assets.xcassets in Resources */,
				72C9A5DD24343FDC00BF30F7 /* LaunchScreen.storyboard in Resources */,
			);
			runOnlyForDeploymentPostprocessing = 0;
		};
		72C9A5E124343FDC00BF30F7 /* Resources */ = {
			isa = PBXResourcesBuildPhase;
			buildActionMask = 2147483647;
			files = (
				72C9A5EB24343FDC00BF30F7 /* Main.storyboard in Resources */,
				72C9A5F824343FDC00BF30F7 /* Assets.xcassets in Resources */,
			);
			runOnlyForDeploymentPostprocessing = 0;
		};
/* End PBXResourcesBuildPhase section */

/* Begin PBXSourcesBuildPhase section */
		72C9A5BC24343FDC00BF30F7 /* Sources */ = {
			isa = PBXSourcesBuildPhase;
			buildActionMask = 2147483647;
			files = (
				72DED96B247111BC0071657B /* Renderer.swift in Sources */,
				724A69A9246D5092009F9378 /* DebugPipeline.swift in Sources */,
				724A69AD246E153F009F9378 /* Error.swift in Sources */,
				724A69A3246957C7009F9378 /* Buffer.swift in Sources */,
				72209A8624514AA600293E96 /* Scene.swift in Sources */,
				726E747F246E9B1200206CD5 /* RasterPipelines.metal in Sources */,
				7264AC112579053400895342 /* Quad.swift in Sources */,
				724D5B69248C90A000BEB4D2 /* Shape.swift in Sources */,
				72DED9722471356A0071657B /* Algebra.metal in Sources */,
				72C9A5C624343FDC00BF30F7 /* GameViewController.swift in Sources */,
				72DED976247294D90071657B /* VertexFunctions.metal in Sources */,
				7264AC1B2579E2CF00895342 /* Cube.swift in Sources */,
				72496C4A2468F72C0056D8D3 /* RenderPipeline.swift in Sources */,
				72C9A5C424343FDC00BF30F7 /* AppDelegate.swift in Sources */,
				72DED964246FC6250071657B /* Camera.swift in Sources */,
			);
			runOnlyForDeploymentPostprocessing = 0;
		};
		72C9A5CE24343FDC00BF30F7 /* Sources */ = {
			isa = PBXSourcesBuildPhase;
			buildActionMask = 2147483647;
			files = (
				724A69AA246D5092009F9378 /* DebugPipeline.swift in Sources */,
				724A69AE246E153F009F9378 /* Error.swift in Sources */,
				724A69A4246957C7009F9378 /* Buffer.swift in Sources */,
				7264AC122579053400895342 /* Quad.swift in Sources */,
				72209A8724514AA600293E96 /* Scene.swift in Sources */,
				726E7480246E9B1200206CD5 /* RasterPipelines.metal in Sources */,
				72C9A5D724343FDC00BF30F7 /* GameViewController.swift in Sources */,
				72DED9732471356A0071657B /* Algebra.metal in Sources */,
				724D5B6A248C90A000BEB4D2 /* Shape.swift in Sources */,
				72496C4B2468F72C0056D8D3 /* RenderPipeline.swift in Sources */,
				72C9A5D524343FDC00BF30F7 /* AppDelegate.swift in Sources */,
				72DED977247294D90071657B /* VertexFunctions.metal in Sources */,
				7264AC1C2579E2CF00895342 /* Cube.swift in Sources */,
				72DED965246FC6250071657B /* Camera.swift in Sources */,
			);
			runOnlyForDeploymentPostprocessing = 0;
		};
		72C9A5DF24343FDC00BF30F7 /* Sources */ = {
			isa = PBXSourcesBuildPhase;
			buildActionMask = 2147483647;
			files = (
				724A69AF246E153F009F9378 /* Error.swift in Sources */,
				726E7481246E9B1200206CD5 /* RasterPipelines.metal in Sources */,
				724A69AB246D5092009F9378 /* DebugPipeline.swift in Sources */,
				724A69A5246957C7009F9378 /* Buffer.swift in Sources */,
				72496C4C2468F72C0056D8D3 /* RenderPipeline.swift in Sources */,
				72209A8824514AA600293E96 /* Scene.swift in Sources */,
				7264AC132579053400895342 /* Quad.swift in Sources */,
				724D5B6B248C90A000BEB4D2 /* Shape.swift in Sources */,
				72DED9742471356A0071657B /* Algebra.metal in Sources */,
				72DED966246FC6250071657B /* Camera.swift in Sources */,
				72DED978247294D90071657B /* VertexFunctions.metal in Sources */,
				7264AC1D2579E2CF00895342 /* Cube.swift in Sources */,
				72C9A5E824343FDC00BF30F7 /* GameViewController.swift in Sources */,
				72446EE1244AB88B0055CABA /* Renderer.swift in Sources */,
				72C9A5E624343FDC00BF30F7 /* AppDelegate.swift in Sources */,
			);
			runOnlyForDeploymentPostprocessing = 0;
		};
/* End PBXSourcesBuildPhase section */

/* Begin PBXVariantGroup section */
		72C9A5C724343FDC00BF30F7 /* Main.storyboard */ = {
			isa = PBXVariantGroup;
			children = (
				72C9A5C824343FDC00BF30F7 /* Base */,
			);
			name = Main.storyboard;
			sourceTree = "<group>";
		};
		72C9A5CA24343FDC00BF30F7 /* LaunchScreen.storyboard */ = {
			isa = PBXVariantGroup;
			children = (
				72C9A5CB24343FDC00BF30F7 /* Base */,
			);
			name = LaunchScreen.storyboard;
			sourceTree = "<group>";
		};
		72C9A5D824343FDC00BF30F7 /* Main.storyboard */ = {
			isa = PBXVariantGroup;
			children = (
				72C9A5D924343FDC00BF30F7 /* Base */,
			);
			name = Main.storyboard;
			sourceTree = "<group>";
		};
		72C9A5DB24343FDC00BF30F7 /* LaunchScreen.storyboard */ = {
			isa = PBXVariantGroup;
			children = (
				72C9A5DC24343FDC00BF30F7 /* Base */,
			);
			name = LaunchScreen.storyboard;
			sourceTree = "<group>";
		};
		72C9A5E924343FDC00BF30F7 /* Main.storyboard */ = {
			isa = PBXVariantGroup;
			children = (
				72C9A5EA24343FDC00BF30F7 /* Base */,
			);
			name = Main.storyboard;
			sourceTree = "<group>";
		};
/* End PBXVariantGroup section */

/* Begin XCBuildConfiguration section */
		72C9A5F924343FDC00BF30F7 /* Debug */ = {
			isa = XCBuildConfiguration;
			buildSettings = {
				ALWAYS_SEARCH_USER_PATHS = NO;
				CLANG_ANALYZER_NONNULL = YES;
				CLANG_ANALYZER_NUMBER_OBJECT_CONVERSION = YES_AGGRESSIVE;
				CLANG_CXX_LANGUAGE_STANDARD = "gnu++14";
				CLANG_CXX_LIBRARY = "libc++";
				CLANG_ENABLE_MODULES = YES;
				CLANG_ENABLE_OBJC_ARC = YES;
				CLANG_ENABLE_OBJC_WEAK = YES;
				CLANG_WARN_BLOCK_CAPTURE_AUTORELEASING = YES;
				CLANG_WARN_BOOL_CONVERSION = YES;
				CLANG_WARN_COMMA = YES;
				CLANG_WARN_CONSTANT_CONVERSION = YES;
				CLANG_WARN_DEPRECATED_OBJC_IMPLEMENTATIONS = YES;
				CLANG_WARN_DIRECT_OBJC_ISA_USAGE = YES_ERROR;
				CLANG_WARN_DOCUMENTATION_COMMENTS = YES;
				CLANG_WARN_EMPTY_BODY = YES;
				CLANG_WARN_ENUM_CONVERSION = YES;
				CLANG_WARN_INFINITE_RECURSION = YES;
				CLANG_WARN_INT_CONVERSION = YES;
				CLANG_WARN_NON_LITERAL_NULL_CONVERSION = YES;
				CLANG_WARN_OBJC_IMPLICIT_RETAIN_SELF = YES;
				CLANG_WARN_OBJC_LITERAL_CONVERSION = YES;
				CLANG_WARN_OBJC_ROOT_CLASS = YES_ERROR;
				CLANG_WARN_QUOTED_INCLUDE_IN_FRAMEWORK_HEADER = YES;
				CLANG_WARN_RANGE_LOOP_ANALYSIS = YES;
				CLANG_WARN_STRICT_PROTOTYPES = YES;
				CLANG_WARN_SUSPICIOUS_MOVE = YES;
				CLANG_WARN_UNGUARDED_AVAILABILITY = YES_AGGRESSIVE;
				CLANG_WARN_UNREACHABLE_CODE = YES;
				CLANG_WARN__DUPLICATE_METHOD_MATCH = YES;
				COPY_PHASE_STRIP = NO;
				DEBUG_INFORMATION_FORMAT = dwarf;
				ENABLE_STRICT_OBJC_MSGSEND = YES;
				ENABLE_TESTABILITY = YES;
				GCC_C_LANGUAGE_STANDARD = gnu11;
				GCC_DYNAMIC_NO_PIC = NO;
				GCC_NO_COMMON_BLOCKS = YES;
				GCC_OPTIMIZATION_LEVEL = 0;
				GCC_PREPROCESSOR_DEFINITIONS = (
					"DEBUG=1",
					"$(inherited)",
				);
				GCC_WARN_64_TO_32_BIT_CONVERSION = YES;
				GCC_WARN_ABOUT_RETURN_TYPE = YES_ERROR;
				GCC_WARN_UNDECLARED_SELECTOR = YES;
				GCC_WARN_UNINITIALIZED_AUTOS = YES_AGGRESSIVE;
				GCC_WARN_UNUSED_FUNCTION = YES;
				GCC_WARN_UNUSED_VARIABLE = YES;
				MTL_ENABLE_DEBUG_INFO = INCLUDE_SOURCE;
				MTL_FAST_MATH = YES;
				ONLY_ACTIVE_ARCH = YES;
				SWIFT_ACTIVE_COMPILATION_CONDITIONS = DEBUG;
				SWIFT_OPTIMIZATION_LEVEL = "-Onone";
			};
			name = Debug;
		};
		72C9A5FA24343FDC00BF30F7 /* Release */ = {
			isa = XCBuildConfiguration;
			buildSettings = {
				ALWAYS_SEARCH_USER_PATHS = NO;
				CLANG_ANALYZER_NONNULL = YES;
				CLANG_ANALYZER_NUMBER_OBJECT_CONVERSION = YES_AGGRESSIVE;
				CLANG_CXX_LANGUAGE_STANDARD = "gnu++14";
				CLANG_CXX_LIBRARY = "libc++";
				CLANG_ENABLE_MODULES = YES;
				CLANG_ENABLE_OBJC_ARC = YES;
				CLANG_ENABLE_OBJC_WEAK = YES;
				CLANG_WARN_BLOCK_CAPTURE_AUTORELEASING = YES;
				CLANG_WARN_BOOL_CONVERSION = YES;
				CLANG_WARN_COMMA = YES;
				CLANG_WARN_CONSTANT_CONVERSION = YES;
				CLANG_WARN_DEPRECATED_OBJC_IMPLEMENTATIONS = YES;
				CLANG_WARN_DIRECT_OBJC_ISA_USAGE = YES_ERROR;
				CLANG_WARN_DOCUMENTATION_COMMENTS = YES;
				CLANG_WARN_EMPTY_BODY = YES;
				CLANG_WARN_ENUM_CONVERSION = YES;
				CLANG_WARN_INFINITE_RECURSION = YES;
				CLANG_WARN_INT_CONVERSION = YES;
				CLANG_WARN_NON_LITERAL_NULL_CONVERSION = YES;
				CLANG_WARN_OBJC_IMPLICIT_RETAIN_SELF = YES;
				CLANG_WARN_OBJC_LITERAL_CONVERSION = YES;
				CLANG_WARN_OBJC_ROOT_CLASS = YES_ERROR;
				CLANG_WARN_QUOTED_INCLUDE_IN_FRAMEWORK_HEADER = YES;
				CLANG_WARN_RANGE_LOOP_ANALYSIS = YES;
				CLANG_WARN_STRICT_PROTOTYPES = YES;
				CLANG_WARN_SUSPICIOUS_MOVE = YES;
				CLANG_WARN_UNGUARDED_AVAILABILITY = YES_AGGRESSIVE;
				CLANG_WARN_UNREACHABLE_CODE = YES;
				CLANG_WARN__DUPLICATE_METHOD_MATCH = YES;
				COPY_PHASE_STRIP = NO;
				DEBUG_INFORMATION_FORMAT = "dwarf-with-dsym";
				ENABLE_NS_ASSERTIONS = NO;
				ENABLE_STRICT_OBJC_MSGSEND = YES;
				GCC_C_LANGUAGE_STANDARD = gnu11;
				GCC_NO_COMMON_BLOCKS = YES;
				GCC_WARN_64_TO_32_BIT_CONVERSION = YES;
				GCC_WARN_ABOUT_RETURN_TYPE = YES_ERROR;
				GCC_WARN_UNDECLARED_SELECTOR = YES;
				GCC_WARN_UNINITIALIZED_AUTOS = YES_AGGRESSIVE;
				GCC_WARN_UNUSED_FUNCTION = YES;
				GCC_WARN_UNUSED_VARIABLE = YES;
				MTL_ENABLE_DEBUG_INFO = NO;
				MTL_FAST_MATH = YES;
				SWIFT_COMPILATION_MODE = wholemodule;
				SWIFT_OPTIMIZATION_LEVEL = "-O";
			};
			name = Release;
		};
		72C9A5FC24343FDC00BF30F7 /* Debug */ = {
			isa = XCBuildConfiguration;
			buildSettings = {
				ASSETCATALOG_COMPILER_APPICON_NAME = AppIcon;
				CODE_SIGN_STYLE = Automatic;
				INFOPLIST_FILE = "Renderer iOS/Info.plist";
				IPHONEOS_DEPLOYMENT_TARGET = 13.4;
				LD_RUNPATH_SEARCH_PATHS = (
					"$(inherited)",
					"@executable_path/Frameworks",
				);
				PRODUCT_BUNDLE_IDENTIFIER = armansito.Renderer;
				PRODUCT_NAME = Renderer;
				SDKROOT = iphoneos;
				SWIFT_OBJC_BRIDGING_HEADER = src/shaders/Shared.h;
				SWIFT_VERSION = 5.0;
				TARGETED_DEVICE_FAMILY = "1,2";
			};
			name = Debug;
		};
		72C9A5FD24343FDC00BF30F7 /* Release */ = {
			isa = XCBuildConfiguration;
			buildSettings = {
				ASSETCATALOG_COMPILER_APPICON_NAME = AppIcon;
				CODE_SIGN_STYLE = Automatic;
				INFOPLIST_FILE = "Renderer iOS/Info.plist";
				IPHONEOS_DEPLOYMENT_TARGET = 13.4;
				LD_RUNPATH_SEARCH_PATHS = (
					"$(inherited)",
					"@executable_path/Frameworks",
				);
				PRODUCT_BUNDLE_IDENTIFIER = armansito.Renderer;
				PRODUCT_NAME = Renderer;
				SDKROOT = iphoneos;
				SWIFT_OBJC_BRIDGING_HEADER = src/shaders/Shared.h;
				SWIFT_VERSION = 5.0;
				TARGETED_DEVICE_FAMILY = "1,2";
				VALIDATE_PRODUCT = YES;
			};
			name = Release;
		};
		72C9A5FF24343FDC00BF30F7 /* Debug */ = {
			isa = XCBuildConfiguration;
			buildSettings = {
				ASSETCATALOG_COMPILER_APPICON_NAME = "tvOS App Icon & Top Shelf Image";
				CODE_SIGN_STYLE = Automatic;
				INFOPLIST_FILE = "Renderer tvOS/Info.plist";
				LD_RUNPATH_SEARCH_PATHS = (
					"$(inherited)",
					"@executable_path/Frameworks",
				);
				PRODUCT_BUNDLE_IDENTIFIER = armansito.Renderer;
				PRODUCT_NAME = Renderer;
				SDKROOT = appletvos;
				SWIFT_OBJC_BRIDGING_HEADER = src/shaders/Shared.h;
				SWIFT_VERSION = 5.0;
				TARGETED_DEVICE_FAMILY = 3;
				TVOS_DEPLOYMENT_TARGET = 13.4;
			};
			name = Debug;
		};
		72C9A60024343FDC00BF30F7 /* Release */ = {
			isa = XCBuildConfiguration;
			buildSettings = {
				ASSETCATALOG_COMPILER_APPICON_NAME = "tvOS App Icon & Top Shelf Image";
				CODE_SIGN_STYLE = Automatic;
				INFOPLIST_FILE = "Renderer tvOS/Info.plist";
				LD_RUNPATH_SEARCH_PATHS = (
					"$(inherited)",
					"@executable_path/Frameworks",
				);
				PRODUCT_BUNDLE_IDENTIFIER = armansito.Renderer;
				PRODUCT_NAME = Renderer;
				SDKROOT = appletvos;
				SWIFT_OBJC_BRIDGING_HEADER = src/shaders/Shared.h;
				SWIFT_VERSION = 5.0;
				TARGETED_DEVICE_FAMILY = 3;
				TVOS_DEPLOYMENT_TARGET = 13.4;
				VALIDATE_PRODUCT = YES;
			};
			name = Release;
		};
		72C9A60224343FDC00BF30F7 /* Debug */ = {
			isa = XCBuildConfiguration;
			buildSettings = {
				ASSETCATALOG_COMPILER_APPICON_NAME = AppIcon;
				CODE_SIGN_IDENTITY = "-";
				CODE_SIGN_STYLE = Automatic;
				COMBINE_HIDPI_IMAGES = YES;
				INFOPLIST_FILE = "Renderer macOS/Info.plist";
				LD_RUNPATH_SEARCH_PATHS = (
					"$(inherited)",
					"@executable_path/../Frameworks",
				);
				MACOSX_DEPLOYMENT_TARGET = 10.15;
				PRODUCT_BUNDLE_IDENTIFIER = armansito.Renderer;
				PRODUCT_NAME = Renderer;
				SDKROOT = macosx;
				SWIFT_OBJC_BRIDGING_HEADER = src/shaders/Shared.h;
				SWIFT_VERSION = 5.0;
			};
			name = Debug;
		};
		72C9A60324343FDC00BF30F7 /* Release */ = {
			isa = XCBuildConfiguration;
			buildSettings = {
				ASSETCATALOG_COMPILER_APPICON_NAME = AppIcon;
				CODE_SIGN_IDENTITY = "-";
				CODE_SIGN_STYLE = Automatic;
				COMBINE_HIDPI_IMAGES = YES;
				INFOPLIST_FILE = "Renderer macOS/Info.plist";
				LD_RUNPATH_SEARCH_PATHS = (
					"$(inherited)",
					"@executable_path/../Frameworks",
				);
				MACOSX_DEPLOYMENT_TARGET = 10.15;
				PRODUCT_BUNDLE_IDENTIFIER = armansito.Renderer;
				PRODUCT_NAME = Renderer;
				SDKROOT = macosx;
				SWIFT_OBJC_BRIDGING_HEADER = src/shaders/Shared.h;
				SWIFT_VERSION = 5.0;
			};
			name = Release;
		};
/* End XCBuildConfiguration section */

/* Begin XCConfigurationList section */
		72C9A5B624343FDA00BF30F7 /* Build configuration list for PBXProject "Renderer" */ = {
			isa = XCConfigurationList;
			buildConfigurations = (
				72C9A5F924343FDC00BF30F7 /* Debug */,
				72C9A5FA24343FDC00BF30F7 /* Release */,
			);
			defaultConfigurationIsVisible = 0;
			defaultConfigurationName = Release;
		};
		72C9A5FB24343FDC00BF30F7 /* Build configuration list for PBXNativeTarget "Renderer iOS" */ = {
			isa = XCConfigurationList;
			buildConfigurations = (
				72C9A5FC24343FDC00BF30F7 /* Debug */,
				72C9A5FD24343FDC00BF30F7 /* Release */,
			);
			defaultConfigurationIsVisible = 0;
			defaultConfigurationName = Release;
		};
		72C9A5FE24343FDC00BF30F7 /* Build configuration list for PBXNativeTarget "Renderer tvOS" */ = {
			isa = XCConfigurationList;
			buildConfigurations = (
				72C9A5FF24343FDC00BF30F7 /* Debug */,
				72C9A60024343FDC00BF30F7 /* Release */,
			);
			defaultConfigurationIsVisible = 0;
			defaultConfigurationName = Release;
		};
		72C9A60124343FDC00BF30F7 /* Build configuration list for PBXNativeTarget "Renderer macOS" */ = {
			isa = XCConfigurationList;
			buildConfigurations = (
				72C9A60224343FDC00BF30F7 /* Debug */,
				72C9A60324343FDC00BF30F7 /* Release */,
			);
			defaultConfigurationIsVisible = 0;
			defaultConfigurationName = Release;
		};
/* End XCConfigurationList section */
	};
	rootObject = 72C9A5B324343FDA00BF30F7 /* Project object */;
}
